Microsoft Visual Studio Solution File, Format Version 12.00
# Visual Studio Version 17
VisualStudioVersion = 17.5.2.0
MinimumVisualStudioVersion = 10.0.40219.1
Project("{2150E333-8FDC-42A3-9474-1A3956D46DE8}") = "UnityProject", "UnityProject", "{E6CDFCA2-0773-3C4C-89F0-0CBF59FA1D6F}"
EndProject
Project("{FAE04EC0-301F-11D3-BF4B-00C04F79EFBC}") = "Assembly-CSharp-Editor", "UnityProject\Assembly-CSharp-Editor.csproj", "{72673E36-FEA7-3C5B-33E4-76EAB4C3FF30}"
EndProject
Project("{FAE04EC0-301F-11D3-BF4B-00C04F79EFBC}") = "Assembly-CSharp", "UnityProject\Assembly-CSharp.csproj", "{877FDB50-B0D7-6BE3-8BEE-9BF7F04BA27D}"
EndProject
Global
	GlobalSection(SolutionConfigurationPlatforms) = preSolution
		Debug|Any CPU = Debug|Any CPU
		Release|Any CPU = Release|Any CPU
	EndGlobalSection
	GlobalSection(ProjectConfigurationPlatforms) = postSolution
		{72673E36-FEA7-3C5B-33E4-76EAB4C3FF30}.Debug|Any CPU.ActiveCfg = Debug|Any CPU
		{72673E36-FEA7-3C5B-33E4-76EAB4C3FF30}.Debug|Any CPU.Build.0 = Debug|Any CPU
		{72673E36-FEA7-3C5B-33E4-76EAB4C3FF30}.Release|Any CPU.ActiveCfg = Release|Any CPU
		{72673E36-FEA7-3C5B-33E4-76EAB4C3FF30}.Release|Any CPU.Build.0 = Release|Any CPU
		{877FDB50-B0D7-6BE3-8BEE-9BF7F04BA27D}.Debug|Any CPU.ActiveCfg = Debug|Any CPU
		{877FDB50-B0D7-6BE3-8BEE-9BF7F04BA27D}.Debug|Any CPU.Build.0 = Debug|Any CPU
		{877FDB50-B0D7-6BE3-8BEE-9BF7F04BA27D}.Release|Any CPU.ActiveCfg = Release|Any CPU
		{877FDB50-B0D7-6BE3-8BEE-9BF7F04BA27D}.Release|Any CPU.Build.0 = Release|Any CPU
	EndGlobalSection
	GlobalSection(SolutionProperties) = preSolution
		HideSolutionNode = FALSE
	EndGlobalSection
	GlobalSection(NestedProjects) = preSolution
		{72673E36-FEA7-3C5B-33E4-76EAB4C3FF30} = {E6CDFCA2-0773-3C4C-89F0-0CBF59FA1D6F}
		{877FDB50-B0D7-6BE3-8BEE-9BF7F04BA27D} = {E6CDFCA2-0773-3C4C-89F0-0CBF59FA1D6F}
	EndGlobalSection
	GlobalSection(ExtensibilityGlobals) = postSolution
		SolutionGuid = {41139B09-5B39-44D2-BB04-8AF3A8E14501}
	EndGlobalSection
EndGlobal
